
Microsoft Visual Studio Solution File, Format Version 12.00
# Visual Studio Version 17
VisualStudioVersion = 17.9.34701.34
MinimumVisualStudioVersion = 10.0.40219.1
Project("{FAE04EC0-301F-11D3-BF4B-00C04F79EFBC}") = "Gallery", "Gallery.csproj", "{E3407F21-9F2E-442A-9FA5-443DA4B31FD7}"
EndProject
Global
	GlobalSection(SolutionConfigurationPlatforms) = preSolution
		Debug|Any CPU = Debug|Any CPU
		Release|Any CPU = Release|Any CPU
	EndGlobalSection
	GlobalSection(ProjectConfigurationPlatforms) = postSolution
		{E3407F21-9F2E-442A-9FA5-443DA4B31FD7}.Debug|Any CPU.ActiveCfg = Debug|Any CPU
		{E3407F21-9F2E-442A-9FA5-443DA4B31FD7}.Debug|Any CPU.Build.0 = Debug|Any CPU
		{E3407F21-9F2E-442A-9FA5-443DA4B31FD7}.Release|Any CPU.ActiveCfg = Release|Any CPU
		{E3407F21-9F2E-442A-9FA5-443DA4B31FD7}.Release|Any CPU.Build.0 = Release|Any CPU
	EndGlobalSection
	GlobalSection(SolutionProperties) = preSolution
		HideSolutionNode = FALSE
	EndGlobalSection
	GlobalSection(ExtensibilityGlobals) = postSolution
		SolutionGuid = {8AE9F06F-55BF-4810-8049-B80DBB98080A}
	EndGlobalSection
EndGlobal
